
Microsoft Visual Studio Solution File, Format Version 12.00
# Visual Studio Version 17
VisualStudioVersion = 17.5.002.0
MinimumVisualStudioVersion = 10.0.40219.1
Project("{2150E333-8FDC-42A3-9474-1A3956D46DE8}") = "App", "App", "{7622B215-77C0-4079-A7DB-A223D7CCC122}"
EndProject
Project("{9A19103F-16F7-4668-BE54-9A1E7A4F7556}") = "Group5-DBApp", "App\Group5-DBApp\Group5-DBApp.csproj", "{88553A84-63AA-4EC6-A126-53DA565EA7B2}"
EndProject
Global
	GlobalSection(SolutionConfigurationPlatforms) = preSolution
		Debug|Any CPU = Debug|Any CPU
		Release|Any CPU = Release|Any CPU
	EndGlobalSection
	GlobalSection(ProjectConfigurationPlatforms) = postSolution
		{88553A84-63AA-4EC6-A126-53DA565EA7B2}.Debug|Any CPU.ActiveCfg = Debug|Any CPU
		{88553A84-63AA-4EC6-A126-53DA565EA7B2}.Debug|Any CPU.Build.0 = Debug|Any CPU
		{88553A84-63AA-4EC6-A126-53DA565EA7B2}.Release|Any CPU.ActiveCfg = Release|Any CPU
		{88553A84-63AA-4EC6-A126-53DA565EA7B2}.Release|Any CPU.Build.0 = Release|Any CPU
	EndGlobalSection
	GlobalSection(SolutionProperties) = preSolution
		HideSolutionNode = FALSE
	EndGlobalSection
	GlobalSection(NestedProjects) = preSolution
		{88553A84-63AA-4EC6-A126-53DA565EA7B2} = {7622B215-77C0-4079-A7DB-A223D7CCC122}
	EndGlobalSection
	GlobalSection(ExtensibilityGlobals) = postSolution
		SolutionGuid = {862C532D-5B33-4016-9001-FE39CE84BE04}
	EndGlobalSection
EndGlobal
